// !$*UTF8*$!
{
	archiveVersion = 1;
	classes = {
	};
	objectVersion = 48;
	objects = {

/* Begin PBXBuildFile section */
		C4E2CA311FE223BA0076A920 /* AppDelegate.m in Sources */ = {isa = PBXBuildFile; fileRef = C4E2CA301FE223BA0076A920 /* AppDelegate.m */; };
		C4E2CA341FE223BA0076A920 /* ViewController.m in Sources */ = {isa = PBXBuildFile; fileRef = C4E2CA331FE223BA0076A920 /* ViewController.m */; };
		C4E2CA371FE223BA0076A920 /* Main.storyboard in Resources */ = {isa = PBXBuildFile; fileRef = C4E2CA351FE223BA0076A920 /* Main.storyboard */; };
		C4E2CA391FE223BA0076A920 /* Assets.xcassets in Resources */ = {isa = PBXBuildFile; fileRef = C4E2CA381FE223BA0076A920 /* Assets.xcassets */; };
		C4E2CA3C1FE223BA0076A920 /* LaunchScreen.storyboard in Resources */ = {isa = PBXBuildFile; fileRef = C4E2CA3A1FE223BA0076A920 /* LaunchScreen.storyboard */; };
		C4E2CA3F1FE223BA0076A920 /* main.m in Sources */ = {isa = PBXBuildFile; fileRef = C4E2CA3E1FE223BA0076A920 /* main.m */; };
		C4E2CA471FE225D40076A920 /* MacAddressManager.m in Sources */ = {isa = PBXBuildFile; fileRef = C4E2CA461FE225D40076A920 /* MacAddressManager.m */; };
/* End PBXBuildFile section */

/* Begin PBXFileReference section */
		C4E2CA2C1FE223BA0076A920 /* GetMacAddress.app */ = {isa = PBXFileReference; explicitFileType = wrapper.application; includeInIndex = 0; path = GetMacAddress.app; sourceTree = BUILT_PRODUCTS_DIR; };
		C4E2CA2F1FE223BA0076A920 /* AppDelegate.h */ = {isa = PBXFileReference; lastKnownFileType = sourcecode.c.h; path = AppDelegate.h; sourceTree = "<group>"; };
		C4E2CA301FE223BA0076A920 /* AppDelegate.m */ = {isa = PBXFileReference; lastKnownFileType = sourcecode.c.objc; path = AppDelegate.m; sourceTree = "<group>"; };
		C4E2CA321FE223BA0076A920 /* ViewController.h */ = {isa = PBXFileReference; lastKnownFileType = sourcecode.c.h; path = ViewController.h; sourceTree = "<group>"; };
		C4E2CA331FE223BA0076A920 /* ViewController.m */ = {isa = PBXFileReference; lastKnownFileType = sourcecode.c.objc; path = ViewController.m; sourceTree = "<group>"; };
		C4E2CA361FE223BA0076A920 /* Base */ = {isa = PBXFileReference; lastKnownFileType = file.storyboard; name = Base; path = Base.lproj/Main.storyboard; sourceTree = "<group>"; };
		C4E2CA381FE223BA0076A920 /* Assets.xcassets */ = {isa = PBXFileReference; lastKnownFileType = folder.assetcatalog; path = Assets.xcassets; sourceTree = "<group>"; };
		C4E2CA3B1FE223BA0076A920 /* Base */ = {isa = PBXFileReference; lastKnownFileType = file.storyboard; name = Base; path = Base.lproj/LaunchScreen.storyboard; sourceTree = "<group>"; };
		C4E2CA3D1FE223BA0076A920 /* Info.plist */ = {isa = PBXFileReference; lastKnownFileType = text.plist.xml; path = Info.plist; sourceTree = "<group>"; };
		C4E2CA3E1FE223BA0076A920 /* main.m */ = {isa = PBXFileReference; lastKnownFileType = sourcecode.c.objc; path = main.m; sourceTree = "<group>"; };
		C4E2CA451FE225D40076A920 /* MacAddressManager.h */ = {isa = PBXFileReference; lastKnownFileType = sourcecode.c.h; path = MacAddressManager.h; sourceTree = "<group>"; };
		C4E2CA461FE225D40076A920 /* MacAddressManager.m */ = {isa = PBXFileReference; lastKnownFileType = sourcecode.c.objc; path = MacAddressManager.m; sourceTree = "<group>"; };
/* End PBXFileReference section */

/* Begin PBXFrameworksBuildPhase section */
		C4E2CA291FE223BA0076A920 /* Frameworks */ = {
			isa = PBXFrameworksBuildPhase;
			buildActionMask = 2147483647;
			files = (
			);
			runOnlyForDeploymentPostprocessing = 0;
		};
/* End PBXFrameworksBuildPhase section */

/* Begin PBXGroup section */
		C4E2CA231FE223BA0076A920 = {
			isa = PBXGroup;
			children = (
				C4E2CA2E1FE223BA0076A920 /* GetMacAddress */,
				C4E2CA2D1FE223BA0076A920 /* Products */,
			);
			sourceTree = "<group>";
		};
		C4E2CA2D1FE223BA0076A920 /* Products */ = {
			isa = PBXGroup;
			children = (
				C4E2CA2C1FE223BA0076A920 /* GetMacAddress.app */,
			);
			name = Products;
			sourceTree = "<group>";
		};
		C4E2CA2E1FE223BA0076A920 /* GetMacAddress */ = {
			isa = PBXGroup;
			children = (
				C4E2CA451FE225D40076A920 /* MacAddressManager.h */,
				C4E2CA461FE225D40076A920 /* MacAddressManager.m */,
				C4E2CA2F1FE223BA0076A920 /* AppDelegate.h */,
				C4E2CA301FE223BA0076A920 /* AppDelegate.m */,
				C4E2CA321FE223BA0076A920 /* ViewController.h */,
				C4E2CA331FE223BA0076A920 /* ViewController.m */,
				C4E2CA351FE223BA0076A920 /* Main.storyboard */,
				C4E2CA381FE223BA0076A920 /* Assets.xcassets */,
				C4E2CA3A1FE223BA0076A920 /* LaunchScreen.storyboard */,
				C4E2CA3D1FE223BA0076A920 /* Info.plist */,
				C4E2CA3E1FE223BA0076A920 /* main.m */,
			);
			path = GetMacAddress;
			sourceTree = "<group>";
		};
/* End PBXGroup section */

/* Begin PBXNativeTarget section */
		C4E2CA2B1FE223BA0076A920 /* GetMacAddress */ = {
			isa = PBXNativeTarget;
			buildConfigurationList = C4E2CA421FE223BA0076A920 /* Build configuration list for PBXNativeTarget "GetMacAddress" */;
			buildPhases = (
				C4E2CA281FE223BA0076A920 /* Sources */,
				C4E2CA291FE223BA0076A920 /* Frameworks */,
				C4E2CA2A1FE223BA0076A920 /* Resources */,
			);
			buildRules = (
			);
			dependencies = (
			);
			name = GetMacAddress;
			productName = GetMacAddress;
			productReference = C4E2CA2C1FE223BA0076A920 /* GetMacAddress.app */;
			productType = "com.apple.product-type.application";
		};
/* End PBXNativeTarget section */

/* Begin PBXProject section */
		C4E2CA241FE223BA0076A920 /* Project object */ = {
			isa = PBXProject;
			attributes = {
				LastUpgradeCheck = 0900;
				ORGANIZATIONNAME = "jack ma";
				TargetAttributes = {
					C4E2CA2B1FE223BA0076A920 = {
						CreatedOnToolsVersion = 9.0;
						ProvisioningStyle = Automatic;
					};
				};
			};
			buildConfigurationList = C4E2CA271FE223BA0076A920 /* Build configuration list for PBXProject "GetMacAddress" */;
			compatibilityVersion = "Xcode 8.0";
			developmentRegion = en;
			hasScannedForEncodings = 0;
			knownRegions = (
				en,
				Base,
			);
			mainGroup = C4E2CA231FE223BA0076A920;
			productRefGroup = C4E2CA2D1FE223BA0076A920 /* Products */;
			projectDirPath = "";
			projectRoot = "";
			targets = (
				C4E2CA2B1FE223BA0076A920 /* GetMacAddress */,
			);
		};
/* End PBXProject section */

/* Begin PBXResourcesBuildPhase section */
		C4E2CA2A1FE223BA0076A920 /* Resources */ = {
			isa = PBXResourcesBuildPhase;
			buildActionMask = 2147483647;
			files = (
				C4E2CA3C1FE223BA0076A920 /* LaunchScreen.storyboard in Resources */,
				C4E2CA391FE223BA0076A920 /* Assets.xcassets in Resources */,
				C4E2CA371FE223BA0076A920 /* Main.storyboard in Resources */,
			);
			runOnlyForDeploymentPostprocessing = 0;
		};
/* End PBXResourcesBuildPhase section */

/* Begin PBXSourcesBuildPhase section */
		C4E2CA281FE223BA0076A920 /* Sources */ = {
			isa = PBXSourcesBuildPhase;
			buildActionMask = 2147483647;
			files = (
				C4E2CA471FE225D40076A920 /* MacAddressManager.m in Sources */,
				C4E2CA341FE223BA0076A920 /* ViewController.m in Sources */,
				C4E2CA3F1FE223BA0076A920 /* main.m in Sources */,
				C4E2CA311FE223BA0076A920 /* AppDelegate.m in Sources */,
			);
			runOnlyForDeploymentPostprocessing = 0;
		};
/* End PBXSourcesBuildPhase section */

/* Begin PBXVariantGroup section */
		C4E2CA351FE223BA0076A920 /* Main.storyboard */ = {
			isa = PBXVariantGroup;
			children = (
				C4E2CA361FE223BA0076A920 /* Base */,
			);
			name = Main.storyboard;
			sourceTree = "<group>";
		};
		C4E2CA3A1FE223BA0076A920 /* LaunchScreen.storyboard */ = {
			isa = PBXVariantGroup;
			children = (
				C4E2CA3B1FE223BA0076A920 /* Base */,
			);
			name = LaunchScreen.storyboard;
			sourceTree = "<group>";
		};
/* End PBXVariantGroup section */

/* Begin XCBuildConfiguration section */
		C4E2CA401FE223BA0076A920 /* Debug */ = {
			isa = XCBuildConfiguration;
			buildSettings = {
				ALWAYS_SEARCH_USER_PATHS = NO;
				CLANG_ANALYZER_NONNULL = YES;
				CLANG_ANALYZER_NUMBER_OBJECT_CONVERSION = YES_AGGRESSIVE;
				CLANG_CXX_LANGUAGE_STANDARD = "gnu++14";
				CLANG_CXX_LIBRARY = "libc++";
				CLANG_ENABLE_MODULES = YES;
				CLANG_ENABLE_OBJC_ARC = YES;
				CLANG_WARN_BLOCK_CAPTURE_AUTORELEASING = YES;
				CLANG_WARN_BOOL_CONVERSION = YES;
				CLANG_WARN_COMMA = YES;
				CLANG_WARN_CONSTANT_CONVERSION = YES;
				CLANG_WARN_DIRECT_OBJC_ISA_USAGE = YES_ERROR;
				CLANG_WARN_DOCUMENTATION_COMMENTS = YES;
				CLANG_WARN_EMPTY_BODY = YES;
				CLANG_WARN_ENUM_CONVERSION = YES;
				CLANG_WARN_INFINITE_RECURSION = YES;
				CLANG_WARN_INT_CONVERSION = YES;
				CLANG_WARN_NON_LITERAL_NULL_CONVERSION = YES;
				CLANG_WARN_OBJC_LITERAL_CONVERSION = YES;
				CLANG_WARN_OBJC_ROOT_CLASS = YES_ERROR;
				CLANG_WARN_RANGE_LOOP_ANALYSIS = YES;
				CLANG_WARN_STRICT_PROTOTYPES = YES;
				CLANG_WARN_SUSPICIOUS_MOVE = YES;
				CLANG_WARN_UNGUARDED_AVAILABILITY = YES_AGGRESSIVE;
				CLANG_WARN_UNREACHABLE_CODE = YES;
				CLANG_WARN__DUPLICATE_METHOD_MATCH = YES;
				CODE_SIGN_IDENTITY = "iPhone Developer";
				COPY_PHASE_STRIP = NO;
				DEBUG_INFORMATION_FORMAT = dwarf;
				ENABLE_STRICT_OBJC_MSGSEND = YES;
				ENABLE_TESTABILITY = YES;
				GCC_C_LANGUAGE_STANDARD = gnu11;
				GCC_DYNAMIC_NO_PIC = NO;
				GCC_NO_COMMON_BLOCKS = YES;
				GCC_OPTIMIZATION_LEVEL = 0;
				GCC_PREPROCESSOR_DEFINITIONS = (
					"DEBUG=1",
					"$(inherited)",
				);
				GCC_WARN_64_TO_32_BIT_CONVERSION = YES;
				GCC_WARN_ABOUT_RETURN_TYPE = YES_ERROR;
				GCC_WARN_UNDECLARED_SELECTOR = YES;
				GCC_WARN_UNINITIALIZED_AUTOS = YES_AGGRESSIVE;
				GCC_WARN_UNUSED_FUNCTION = YES;
				GCC_WARN_UNUSED_VARIABLE = YES;
				IPHONEOS_DEPLOYMENT_TARGET = 11.0;
				MTL_ENABLE_DEBUG_INFO = YES;
				ONLY_ACTIVE_ARCH = YES;
				SDKROOT = iphoneos;
			};
			name = Debug;
		};
		C4E2CA411FE223BA0076A920 /* Release */ = {
			isa = XCBuildConfiguration;
			buildSettings = {
				ALWAYS_SEARCH_USER_PATHS = NO;
				CLANG_ANALYZER_NONNULL = YES;
				CLANG_ANALYZER_NUMBER_OBJECT_CONVERSION = YES_AGGRESSIVE;
				CLANG_CXX_LANGUAGE_STANDARD = "gnu++14";
				CLANG_CXX_LIBRARY = "libc++";
				CLANG_ENABLE_MODULES = YES;
				CLANG_ENABLE_OBJC_ARC = YES;
				CLANG_WARN_BLOCK_CAPTURE_AUTORELEASING = YES;
				CLANG_WARN_BOOL_CONVERSION = YES;
				CLANG_WARN_COMMA = YES;
				CLANG_WARN_CONSTANT_CONVERSION = YES;
				CLANG_WARN_DIRECT_OBJC_ISA_USAGE = YES_ERROR;
				CLANG_WARN_DOCUMENTATION_COMMENTS = YES;
				CLANG_WARN_EMPTY_BODY = YES;
				CLANG_WARN_ENUM_CONVERSION = YES;
				CLANG_WARN_INFINITE_RECURSION = YES;
				CLANG_WARN_INT_CONVERSION = YES;
				CLANG_WARN_NON_LITERAL_NULL_CONVERSION = YES;
				CLANG_WARN_OBJC_LITERAL_CONVERSION = YES;
				CLANG_WARN_OBJC_ROOT_CLASS = YES_ERROR;
				CLANG_WARN_RANGE_LOOP_ANALYSIS = YES;
				CLANG_WARN_STRICT_PROTOTYPES = YES;
				CLANG_WARN_SUSPICIOUS_MOVE = YES;
				CLANG_WARN_UNGUARDED_AVAILABILITY = YES_AGGRESSIVE;
				CLANG_WARN_UNREACHABLE_CODE = YES;
				CLANG_WARN__DUPLICATE_METHOD_MATCH = YES;
				CODE_SIGN_IDENTITY = "iPhone Developer";
				COPY_PHASE_STRIP = NO;
				DEBUG_INFORMATION_FORMAT = "dwarf-with-dsym";
				ENABLE_NS_ASSERTIONS = NO;
				ENABLE_STRICT_OBJC_MSGSEND = YES;
				GCC_C_LANGUAGE_STANDARD = gnu11;
				GCC_NO_COMMON_BLOCKS = YES;
				GCC_WARN_64_TO_32_BIT_CONVERSION = YES;
				GCC_WARN_ABOUT_RETURN_TYPE = YES_ERROR;
				GCC_WARN_UNDECLARED_SELECTOR = YES;
				GCC_WARN_UNINITIALIZED_AUTOS = YES_AGGRESSIVE;
				GCC_WARN_UNUSED_FUNCTION = YES;
				GCC_WARN_UNUSED_VARIABLE = YES;
				IPHONEOS_DEPLOYMENT_TARGET = 11.0;
				MTL_ENABLE_DEBUG_INFO = NO;
				SDKROOT = iphoneos;
				VALIDATE_PRODUCT = YES;
			};
			name = Release;
		};
		C4E2CA431FE223BA0076A920 /* Debug */ = {
			isa = XCBuildConfiguration;
			buildSettings = {
				ASSETCATALOG_COMPILER_APPICON_NAME = AppIcon;
				CODE_SIGN_STYLE = Automatic;
				DEVELOPMENT_TEAM = 37F2PZ5MS8;
				INFOPLIST_FILE = GetMacAddress/Info.plist;
				LD_RUNPATH_SEARCH_PATHS = "$(inherited) @executable_path/Frameworks";
				OTHER_LDFLAGS = "-lresolv";
				PRODUCT_BUNDLE_IDENTIFIER = com.dafa.getMacAddress;
				PRODUCT_NAME = "$(TARGET_NAME)";
				TARGETED_DEVICE_FAMILY = "1,2";
			};
			name = Debug;
		};
		C4E2CA441FE223BA0076A920 /* Release */ = {
			isa = XCBuildConfiguration;
			buildSettings = {
				ASSETCATALOG_COMPILER_APPICON_NAME = AppIcon;
				CODE_SIGN_STYLE = Automatic;
				DEVELOPMENT_TEAM = 37F2PZ5MS8;
				INFOPLIST_FILE = GetMacAddress/Info.plist;
				LD_RUNPATH_SEARCH_PATHS = "$(inherited) @executable_path/Frameworks";
				OTHER_LDFLAGS = "-lresolv";
				PRODUCT_BUNDLE_IDENTIFIER = com.dafa.getMacAddress;
				PRODUCT_NAME = "$(TARGET_NAME)";
				TARGETED_DEVICE_FAMILY = "1,2";
			};
			name = Release;
		};
/* End XCBuildConfiguration section */

/* Begin XCConfigurationList section */
		C4E2CA271FE223BA0076A920 /* Build configuration list for PBXProject "GetMacAddress" */ = {
			isa = XCConfigurationList;
			buildConfigurations = (
				C4E2CA401FE223BA0076A920 /* Debug */,
				C4E2CA411FE223BA0076A920 /* Release */,
			);
			defaultConfigurationIsVisible = 0;
			defaultConfigurationName = Release;
		};
		C4E2CA421FE223BA0076A920 /* Build configuration list for PBXNativeTarget "GetMacAddress" */ = {
			isa = XCConfigurationList;
			buildConfigurations = (
				C4E2CA431FE223BA0076A920 /* Debug */,
				C4E2CA441FE223BA0076A920 /* Release */,
			);
			defaultConfigurationIsVisible = 0;
			defaultConfigurationName = Release;
		};
/* End XCConfigurationList section */
	};
	rootObject = C4E2CA241FE223BA0076A920 /* Project object */;
}
